
Microsoft Visual Studio Solution File, Format Version 12.00
# Visual Studio Version 17
VisualStudioVersion = 17.14.36408.4
MinimumVisualStudioVersion = 10.0.40219.1
Project("{FAE04EC0-301F-11D3-BF4B-00C04F79EFBC}") = "Saas.Api", "Saas.Api\Saas.Api.csproj", "{80789197-BDA8-4EFF-BA68-A8010A35BF98}"
EndProject
Global
	GlobalSection(SolutionConfigurationPlatforms) = preSolution
		Debug|Any CPU = Debug|Any CPU
		Release|Any CPU = Release|Any CPU
	EndGlobalSection
	GlobalSection(ProjectConfigurationPlatforms) = postSolution
		{80789197-BDA8-4EFF-BA68-A8010A35BF98}.Debug|Any CPU.ActiveCfg = Debug|Any CPU
		{80789197-BDA8-4EFF-BA68-A8010A35BF98}.Debug|Any CPU.Build.0 = Debug|Any CPU
		{80789197-BDA8-4EFF-BA68-A8010A35BF98}.Release|Any CPU.ActiveCfg = Release|Any CPU
		{80789197-BDA8-4EFF-BA68-A8010A35BF98}.Release|Any CPU.Build.0 = Release|Any CPU
	EndGlobalSection
	GlobalSection(SolutionProperties) = preSolution
		HideSolutionNode = FALSE
	EndGlobalSection
	GlobalSection(ExtensibilityGlobals) = postSolution
		SolutionGuid = {1153F2A2-606F-49DD-956F-BD59077E361E}
	EndGlobalSection
EndGlobal
